
Microsoft Visual Studio Solution File, Format Version 12.00
# Visual Studio Version 16
Project("{8BC9CEB8-8B4A-11D0-8D11-00A0C91BC942}") = "ALL_BUILD", "ALL_BUILD.vcxproj", "{997B632C-D593-38F8-AEE6-69134F831993}"
	ProjectSection(ProjectDependencies) = postProject
		{03156281-A46C-3E73-B1F7-E09E7D01899B} = {03156281-A46C-3E73-B1F7-E09E7D01899B}
		{15C601C4-DB18-38FE-86A6-EC7CE230FE06} = {15C601C4-DB18-38FE-86A6-EC7CE230FE06}
		{D7545B34-46D4-33A8-8ABE-3CF83314D75D} = {D7545B34-46D4-33A8-8ABE-3CF83314D75D}
		{209E099A-F4EC-3B2F-AD70-21BEB8ECFB4F} = {209E099A-F4EC-3B2F-AD70-21BEB8ECFB4F}
		{D65352FB-9776-306F-98D4-CDCC6CA20FB5} = {D65352FB-9776-306F-98D4-CDCC6CA20FB5}
		{9C384E51-D5D8-30AE-A717-34E9EC02AC92} = {9C384E51-D5D8-30AE-A717-34E9EC02AC92}
		{7A16E54E-CF56-3EAE-9877-48084F586C59} = {7A16E54E-CF56-3EAE-9877-48084F586C59}
		{CDCB0178-4C0C-36AE-9D44-1A1E43E725BA} = {CDCB0178-4C0C-36AE-9D44-1A1E43E725BA}
		{AB9BD19E-0519-3943-A8B5-F20BB3542CAD} = {AB9BD19E-0519-3943-A8B5-F20BB3542CAD}
		{FE4A1724-789F-3C72-A2B8-741140DA2EF4} = {FE4A1724-789F-3C72-A2B8-741140DA2EF4}
		{A6A7299B-5940-345E-9587-3005AAC01092} = {A6A7299B-5940-345E-9587-3005AAC01092}
		{CA55921A-05D4-3415-8620-C06B63ADB796} = {CA55921A-05D4-3415-8620-C06B63ADB796}
		{1634CEBA-B48E-3AE2-A1FE-B27C4D7F0F86} = {1634CEBA-B48E-3AE2-A1FE-B27C4D7F0F86}
		{27F5CBB6-5A2E-3C5A-9DBD-5524FF6D4380} = {27F5CBB6-5A2E-3C5A-9DBD-5524FF6D4380}
		{E6F2AA1D-2864-3496-9A5B-8AB92DBA0A61} = {E6F2AA1D-2864-3496-9A5B-8AB92DBA0A61}
		{33314749-C4D4-37F6-9915-DDB27A5F1C08} = {33314749-C4D4-37F6-9915-DDB27A5F1C08}
		{42E4245C-7980-3924-8EC8-B83E24E9CBE1} = {42E4245C-7980-3924-8EC8-B83E24E9CBE1}
	EndProjectSection
EndProject
Project("{8BC9CEB8-8B4A-11D0-8D11-00A0C91BC942}") = "SVBase", "SVBase\SVBase.vcxproj", "{03156281-A46C-3E73-B1F7-E09E7D01899B}"
	ProjectSection(ProjectDependencies) = postProject
		{42E4245C-7980-3924-8EC8-B83E24E9CBE1} = {42E4245C-7980-3924-8EC8-B83E24E9CBE1}
	EndProjectSection
EndProject
Project("{8BC9CEB8-8B4A-11D0-8D11-00A0C91BC942}") = "SVClient", "SVClient\SVClient.vcxproj", "{15C601C4-DB18-38FE-86A6-EC7CE230FE06}"
	ProjectSection(ProjectDependencies) = postProject
		{03156281-A46C-3E73-B1F7-E09E7D01899B} = {03156281-A46C-3E73-B1F7-E09E7D01899B}
		{7A16E54E-CF56-3EAE-9877-48084F586C59} = {7A16E54E-CF56-3EAE-9877-48084F586C59}
		{42E4245C-7980-3924-8EC8-B83E24E9CBE1} = {42E4245C-7980-3924-8EC8-B83E24E9CBE1}
	EndProjectSection
EndProject
Project("{8BC9CEB8-8B4A-11D0-8D11-00A0C91BC942}") = "SVClientExample", "SVClientExample\SVClientExample.vcxproj", "{D7545B34-46D4-33A8-8ABE-3CF83314D75D}"
	ProjectSection(ProjectDependencies) = postProject
		{03156281-A46C-3E73-B1F7-E09E7D01899B} = {03156281-A46C-3E73-B1F7-E09E7D01899B}
		{15C601C4-DB18-38FE-86A6-EC7CE230FE06} = {15C601C4-DB18-38FE-86A6-EC7CE230FE06}
		{7A16E54E-CF56-3EAE-9877-48084F586C59} = {7A16E54E-CF56-3EAE-9877-48084F586C59}
		{42E4245C-7980-3924-8EC8-B83E24E9CBE1} = {42E4245C-7980-3924-8EC8-B83E24E9CBE1}
	EndProjectSection
EndProject
Project("{8BC9CEB8-8B4A-11D0-8D11-00A0C91BC942}") = "SVDocker", "SVDocker\SVDocker.vcxproj", "{209E099A-F4EC-3B2F-AD70-21BEB8ECFB4F}"
	ProjectSection(ProjectDependencies) = postProject
		{03156281-A46C-3E73-B1F7-E09E7D01899B} = {03156281-A46C-3E73-B1F7-E09E7D01899B}
		{7A16E54E-CF56-3EAE-9877-48084F586C59} = {7A16E54E-CF56-3EAE-9877-48084F586C59}
		{FE4A1724-789F-3C72-A2B8-741140DA2EF4} = {FE4A1724-789F-3C72-A2B8-741140DA2EF4}
		{27F5CBB6-5A2E-3C5A-9DBD-5524FF6D4380} = {27F5CBB6-5A2E-3C5A-9DBD-5524FF6D4380}
		{42E4245C-7980-3924-8EC8-B83E24E9CBE1} = {42E4245C-7980-3924-8EC8-B83E24E9CBE1}
	EndProjectSection
EndProject
Project("{8BC9CEB8-8B4A-11D0-8D11-00A0C91BC942}") = "SVExportDialog", "SVExportDialog\SVExportDialog.vcxproj", "{D65352FB-9776-306F-98D4-CDCC6CA20FB5}"
	ProjectSection(ProjectDependencies) = postProject
		{03156281-A46C-3E73-B1F7-E09E7D01899B} = {03156281-A46C-3E73-B1F7-E09E7D01899B}
		{42E4245C-7980-3924-8EC8-B83E24E9CBE1} = {42E4245C-7980-3924-8EC8-B83E24E9CBE1}
	EndProjectSection
EndProject
Project("{8BC9CEB8-8B4A-11D0-8D11-00A0C91BC942}") = "SVGraphPanel", "SVGraphPanel\SVGraphPanel.vcxproj", "{9C384E51-D5D8-30AE-A717-34E9EC02AC92}"
	ProjectSection(ProjectDependencies) = postProject
		{03156281-A46C-3E73-B1F7-E09E7D01899B} = {03156281-A46C-3E73-B1F7-E09E7D01899B}
		{42E4245C-7980-3924-8EC8-B83E24E9CBE1} = {42E4245C-7980-3924-8EC8-B83E24E9CBE1}
	EndProjectSection
EndProject
Project("{8BC9CEB8-8B4A-11D0-8D11-00A0C91BC942}") = "SVMisc", "SVMisc\SVMisc.vcxproj", "{7A16E54E-CF56-3EAE-9877-48084F586C59}"
	ProjectSection(ProjectDependencies) = postProject
		{42E4245C-7980-3924-8EC8-B83E24E9CBE1} = {42E4245C-7980-3924-8EC8-B83E24E9CBE1}
	EndProjectSection
EndProject
Project("{8BC9CEB8-8B4A-11D0-8D11-00A0C91BC942}") = "SVMonitor", "SVMonitor\SVMonitor.vcxproj", "{CDCB0178-4C0C-36AE-9D44-1A1E43E725BA}"
	ProjectSection(ProjectDependencies) = postProject
		{03156281-A46C-3E73-B1F7-E09E7D01899B} = {03156281-A46C-3E73-B1F7-E09E7D01899B}
		{D65352FB-9776-306F-98D4-CDCC6CA20FB5} = {D65352FB-9776-306F-98D4-CDCC6CA20FB5}
		{9C384E51-D5D8-30AE-A717-34E9EC02AC92} = {9C384E51-D5D8-30AE-A717-34E9EC02AC92}
		{7A16E54E-CF56-3EAE-9877-48084F586C59} = {7A16E54E-CF56-3EAE-9877-48084F586C59}
		{AB9BD19E-0519-3943-A8B5-F20BB3542CAD} = {AB9BD19E-0519-3943-A8B5-F20BB3542CAD}
		{FE4A1724-789F-3C72-A2B8-741140DA2EF4} = {FE4A1724-789F-3C72-A2B8-741140DA2EF4}
		{CA55921A-05D4-3415-8620-C06B63ADB796} = {CA55921A-05D4-3415-8620-C06B63ADB796}
		{27F5CBB6-5A2E-3C5A-9DBD-5524FF6D4380} = {27F5CBB6-5A2E-3C5A-9DBD-5524FF6D4380}
		{33314749-C4D4-37F6-9915-DDB27A5F1C08} = {33314749-C4D4-37F6-9915-DDB27A5F1C08}
		{42E4245C-7980-3924-8EC8-B83E24E9CBE1} = {42E4245C-7980-3924-8EC8-B83E24E9CBE1}
	EndProjectSection
EndProject
Project("{8BC9CEB8-8B4A-11D0-8D11-00A0C91BC942}") = "SVScriptDialog", "SVScriptDialog\SVScriptDialog.vcxproj", "{AB9BD19E-0519-3943-A8B5-F20BB3542CAD}"
	ProjectSection(ProjectDependencies) = postProject
		{03156281-A46C-3E73-B1F7-E09E7D01899B} = {03156281-A46C-3E73-B1F7-E09E7D01899B}
		{7A16E54E-CF56-3EAE-9877-48084F586C59} = {7A16E54E-CF56-3EAE-9877-48084F586C59}
		{42E4245C-7980-3924-8EC8-B83E24E9CBE1} = {42E4245C-7980-3924-8EC8-B83E24E9CBE1}
	EndProjectSection
EndProject
Project("{8BC9CEB8-8B4A-11D0-8D11-00A0C91BC942}") = "SVServer", "SVServer\SVServer.vcxproj", "{FE4A1724-789F-3C72-A2B8-741140DA2EF4}"
	ProjectSection(ProjectDependencies) = postProject
		{03156281-A46C-3E73-B1F7-E09E7D01899B} = {03156281-A46C-3E73-B1F7-E09E7D01899B}
		{7A16E54E-CF56-3EAE-9877-48084F586C59} = {7A16E54E-CF56-3EAE-9877-48084F586C59}
		{42E4245C-7980-3924-8EC8-B83E24E9CBE1} = {42E4245C-7980-3924-8EC8-B83E24E9CBE1}
	EndProjectSection
EndProject
Project("{8BC9CEB8-8B4A-11D0-8D11-00A0C91BC942}") = "SVStatDialog", "SVStatDialog\SVStatDialog.vcxproj", "{A6A7299B-5940-345E-9587-3005AAC01092}"
	ProjectSection(ProjectDependencies) = postProject
		{03156281-A46C-3E73-B1F7-E09E7D01899B} = {03156281-A46C-3E73-B1F7-E09E7D01899B}
		{42E4245C-7980-3924-8EC8-B83E24E9CBE1} = {42E4245C-7980-3924-8EC8-B83E24E9CBE1}
	EndProjectSection
EndProject
Project("{8BC9CEB8-8B4A-11D0-8D11-00A0C91BC942}") = "SVTriggerDialog", "SVTriggerDialog\SVTriggerDialog.vcxproj", "{CA55921A-05D4-3415-8620-C06B63ADB796}"
	ProjectSection(ProjectDependencies) = postProject
		{03156281-A46C-3E73-B1F7-E09E7D01899B} = {03156281-A46C-3E73-B1F7-E09E7D01899B}
		{7A16E54E-CF56-3EAE-9877-48084F586C59} = {7A16E54E-CF56-3EAE-9877-48084F586C59}
		{42E4245C-7980-3924-8EC8-B83E24E9CBE1} = {42E4245C-7980-3924-8EC8-B83E24E9CBE1}
	EndProjectSection
EndProject
Project("{8BC9CEB8-8B4A-11D0-8D11-00A0C91BC942}") = "SVViewer", "SVViewer\SVViewer.vcxproj", "{1634CEBA-B48E-3AE2-A1FE-B27C4D7F0F86}"
	ProjectSection(ProjectDependencies) = postProject
		{03156281-A46C-3E73-B1F7-E09E7D01899B} = {03156281-A46C-3E73-B1F7-E09E7D01899B}
		{D65352FB-9776-306F-98D4-CDCC6CA20FB5} = {D65352FB-9776-306F-98D4-CDCC6CA20FB5}
		{9C384E51-D5D8-30AE-A717-34E9EC02AC92} = {9C384E51-D5D8-30AE-A717-34E9EC02AC92}
		{7A16E54E-CF56-3EAE-9877-48084F586C59} = {7A16E54E-CF56-3EAE-9877-48084F586C59}
		{AB9BD19E-0519-3943-A8B5-F20BB3542CAD} = {AB9BD19E-0519-3943-A8B5-F20BB3542CAD}
		{A6A7299B-5940-345E-9587-3005AAC01092} = {A6A7299B-5940-345E-9587-3005AAC01092}
		{42E4245C-7980-3924-8EC8-B83E24E9CBE1} = {42E4245C-7980-3924-8EC8-B83E24E9CBE1}
	EndProjectSection
EndProject
Project("{8BC9CEB8-8B4A-11D0-8D11-00A0C91BC942}") = "SVWebServer", "SVWebServer\SVWebServer.vcxproj", "{27F5CBB6-5A2E-3C5A-9DBD-5524FF6D4380}"
	ProjectSection(ProjectDependencies) = postProject
		{03156281-A46C-3E73-B1F7-E09E7D01899B} = {03156281-A46C-3E73-B1F7-E09E7D01899B}
		{7A16E54E-CF56-3EAE-9877-48084F586C59} = {7A16E54E-CF56-3EAE-9877-48084F586C59}
		{42E4245C-7980-3924-8EC8-B83E24E9CBE1} = {42E4245C-7980-3924-8EC8-B83E24E9CBE1}
	EndProjectSection
EndProject
Project("{8BC9CEB8-8B4A-11D0-8D11-00A0C91BC942}") = "SVWriterExample", "SVWriterExample\SVWriterExample.vcxproj", "{E6F2AA1D-2864-3496-9A5B-8AB92DBA0A61}"
	ProjectSection(ProjectDependencies) = postProject
		{03156281-A46C-3E73-B1F7-E09E7D01899B} = {03156281-A46C-3E73-B1F7-E09E7D01899B}
		{7A16E54E-CF56-3EAE-9877-48084F586C59} = {7A16E54E-CF56-3EAE-9877-48084F586C59}
		{FE4A1724-789F-3C72-A2B8-741140DA2EF4} = {FE4A1724-789F-3C72-A2B8-741140DA2EF4}
		{42E4245C-7980-3924-8EC8-B83E24E9CBE1} = {42E4245C-7980-3924-8EC8-B83E24E9CBE1}
	EndProjectSection
EndProject
Project("{8BC9CEB8-8B4A-11D0-8D11-00A0C91BC942}") = "SVZabbix", "SVZabbix\SVZabbix.vcxproj", "{33314749-C4D4-37F6-9915-DDB27A5F1C08}"
	ProjectSection(ProjectDependencies) = postProject
		{03156281-A46C-3E73-B1F7-E09E7D01899B} = {03156281-A46C-3E73-B1F7-E09E7D01899B}
		{7A16E54E-CF56-3EAE-9877-48084F586C59} = {7A16E54E-CF56-3EAE-9877-48084F586C59}
		{42E4245C-7980-3924-8EC8-B83E24E9CBE1} = {42E4245C-7980-3924-8EC8-B83E24E9CBE1}
	EndProjectSection
EndProject
Project("{8BC9CEB8-8B4A-11D0-8D11-00A0C91BC942}") = "ZERO_CHECK", "ZERO_CHECK.vcxproj", "{42E4245C-7980-3924-8EC8-B83E24E9CBE1}"
	ProjectSection(ProjectDependencies) = postProject
	EndProjectSection
EndProject
Global
	GlobalSection(SolutionConfigurationPlatforms) = preSolution
		Debug|x64 = Debug|x64
		Release|x64 = Release|x64
		MinSizeRel|x64 = MinSizeRel|x64
		RelWithDebInfo|x64 = RelWithDebInfo|x64
	EndGlobalSection
	GlobalSection(ProjectConfigurationPlatforms) = postSolution
		{997B632C-D593-38F8-AEE6-69134F831993}.Debug|x64.ActiveCfg = Debug|x64
		{997B632C-D593-38F8-AEE6-69134F831993}.Release|x64.ActiveCfg = Release|x64
		{997B632C-D593-38F8-AEE6-69134F831993}.MinSizeRel|x64.ActiveCfg = MinSizeRel|x64
		{997B632C-D593-38F8-AEE6-69134F831993}.RelWithDebInfo|x64.ActiveCfg = RelWithDebInfo|x64
		{03156281-A46C-3E73-B1F7-E09E7D01899B}.Debug|x64.ActiveCfg = Debug|x64
		{03156281-A46C-3E73-B1F7-E09E7D01899B}.Debug|x64.Build.0 = Debug|x64
		{03156281-A46C-3E73-B1F7-E09E7D01899B}.Release|x64.ActiveCfg = Release|x64
		{03156281-A46C-3E73-B1F7-E09E7D01899B}.Release|x64.Build.0 = Release|x64
		{03156281-A46C-3E73-B1F7-E09E7D01899B}.MinSizeRel|x64.ActiveCfg = MinSizeRel|x64
		{03156281-A46C-3E73-B1F7-E09E7D01899B}.MinSizeRel|x64.Build.0 = MinSizeRel|x64
		{03156281-A46C-3E73-B1F7-E09E7D01899B}.RelWithDebInfo|x64.ActiveCfg = RelWithDebInfo|x64
		{03156281-A46C-3E73-B1F7-E09E7D01899B}.RelWithDebInfo|x64.Build.0 = RelWithDebInfo|x64
		{15C601C4-DB18-38FE-86A6-EC7CE230FE06}.Debug|x64.ActiveCfg = Debug|x64
		{15C601C4-DB18-38FE-86A6-EC7CE230FE06}.Debug|x64.Build.0 = Debug|x64
		{15C601C4-DB18-38FE-86A6-EC7CE230FE06}.Release|x64.ActiveCfg = Release|x64
		{15C601C4-DB18-38FE-86A6-EC7CE230FE06}.Release|x64.Build.0 = Release|x64
		{15C601C4-DB18-38FE-86A6-EC7CE230FE06}.MinSizeRel|x64.ActiveCfg = MinSizeRel|x64
		{15C601C4-DB18-38FE-86A6-EC7CE230FE06}.MinSizeRel|x64.Build.0 = MinSizeRel|x64
		{15C601C4-DB18-38FE-86A6-EC7CE230FE06}.RelWithDebInfo|x64.ActiveCfg = RelWithDebInfo|x64
		{15C601C4-DB18-38FE-86A6-EC7CE230FE06}.RelWithDebInfo|x64.Build.0 = RelWithDebInfo|x64
		{D7545B34-46D4-33A8-8ABE-3CF83314D75D}.Debug|x64.ActiveCfg = Debug|x64
		{D7545B34-46D4-33A8-8ABE-3CF83314D75D}.Debug|x64.Build.0 = Debug|x64
		{D7545B34-46D4-33A8-8ABE-3CF83314D75D}.Release|x64.ActiveCfg = Release|x64
		{D7545B34-46D4-33A8-8ABE-3CF83314D75D}.Release|x64.Build.0 = Release|x64
		{D7545B34-46D4-33A8-8ABE-3CF83314D75D}.MinSizeRel|x64.ActiveCfg = MinSizeRel|x64
		{D7545B34-46D4-33A8-8ABE-3CF83314D75D}.MinSizeRel|x64.Build.0 = MinSizeRel|x64
		{D7545B34-46D4-33A8-8ABE-3CF83314D75D}.RelWithDebInfo|x64.ActiveCfg = RelWithDebInfo|x64
		{D7545B34-46D4-33A8-8ABE-3CF83314D75D}.RelWithDebInfo|x64.Build.0 = RelWithDebInfo|x64
		{209E099A-F4EC-3B2F-AD70-21BEB8ECFB4F}.Debug|x64.ActiveCfg = Debug|x64
		{209E099A-F4EC-3B2F-AD70-21BEB8ECFB4F}.Debug|x64.Build.0 = Debug|x64
		{209E099A-F4EC-3B2F-AD70-21BEB8ECFB4F}.Release|x64.ActiveCfg = Release|x64
		{209E099A-F4EC-3B2F-AD70-21BEB8ECFB4F}.Release|x64.Build.0 = Release|x64
		{209E099A-F4EC-3B2F-AD70-21BEB8ECFB4F}.MinSizeRel|x64.ActiveCfg = MinSizeRel|x64
		{209E099A-F4EC-3B2F-AD70-21BEB8ECFB4F}.MinSizeRel|x64.Build.0 = MinSizeRel|x64
		{209E099A-F4EC-3B2F-AD70-21BEB8ECFB4F}.RelWithDebInfo|x64.ActiveCfg = RelWithDebInfo|x64
		{209E099A-F4EC-3B2F-AD70-21BEB8ECFB4F}.RelWithDebInfo|x64.Build.0 = RelWithDebInfo|x64
		{D65352FB-9776-306F-98D4-CDCC6CA20FB5}.Debug|x64.ActiveCfg = Debug|x64
		{D65352FB-9776-306F-98D4-CDCC6CA20FB5}.Debug|x64.Build.0 = Debug|x64
		{D65352FB-9776-306F-98D4-CDCC6CA20FB5}.Release|x64.ActiveCfg = Release|x64
		{D65352FB-9776-306F-98D4-CDCC6CA20FB5}.Release|x64.Build.0 = Release|x64
		{D65352FB-9776-306F-98D4-CDCC6CA20FB5}.MinSizeRel|x64.ActiveCfg = MinSizeRel|x64
		{D65352FB-9776-306F-98D4-CDCC6CA20FB5}.MinSizeRel|x64.Build.0 = MinSizeRel|x64
		{D65352FB-9776-306F-98D4-CDCC6CA20FB5}.RelWithDebInfo|x64.ActiveCfg = RelWithDebInfo|x64
		{D65352FB-9776-306F-98D4-CDCC6CA20FB5}.RelWithDebInfo|x64.Build.0 = RelWithDebInfo|x64
		{9C384E51-D5D8-30AE-A717-34E9EC02AC92}.Debug|x64.ActiveCfg = Debug|x64
		{9C384E51-D5D8-30AE-A717-34E9EC02AC92}.Debug|x64.Build.0 = Debug|x64
		{9C384E51-D5D8-30AE-A717-34E9EC02AC92}.Release|x64.ActiveCfg = Release|x64
		{9C384E51-D5D8-30AE-A717-34E9EC02AC92}.Release|x64.Build.0 = Release|x64
		{9C384E51-D5D8-30AE-A717-34E9EC02AC92}.MinSizeRel|x64.ActiveCfg = MinSizeRel|x64
		{9C384E51-D5D8-30AE-A717-34E9EC02AC92}.MinSizeRel|x64.Build.0 = MinSizeRel|x64
		{9C384E51-D5D8-30AE-A717-34E9EC02AC92}.RelWithDebInfo|x64.ActiveCfg = RelWithDebInfo|x64
		{9C384E51-D5D8-30AE-A717-34E9EC02AC92}.RelWithDebInfo|x64.Build.0 = RelWithDebInfo|x64
		{7A16E54E-CF56-3EAE-9877-48084F586C59}.Debug|x64.ActiveCfg = Debug|x64
		{7A16E54E-CF56-3EAE-9877-48084F586C59}.Debug|x64.Build.0 = Debug|x64
		{7A16E54E-CF56-3EAE-9877-48084F586C59}.Release|x64.ActiveCfg = Release|x64
		{7A16E54E-CF56-3EAE-9877-48084F586C59}.Release|x64.Build.0 = Release|x64
		{7A16E54E-CF56-3EAE-9877-48084F586C59}.MinSizeRel|x64.ActiveCfg = MinSizeRel|x64
		{7A16E54E-CF56-3EAE-9877-48084F586C59}.MinSizeRel|x64.Build.0 = MinSizeRel|x64
		{7A16E54E-CF56-3EAE-9877-48084F586C59}.RelWithDebInfo|x64.ActiveCfg = RelWithDebInfo|x64
		{7A16E54E-CF56-3EAE-9877-48084F586C59}.RelWithDebInfo|x64.Build.0 = RelWithDebInfo|x64
		{CDCB0178-4C0C-36AE-9D44-1A1E43E725BA}.Debug|x64.ActiveCfg = Debug|x64
		{CDCB0178-4C0C-36AE-9D44-1A1E43E725BA}.Debug|x64.Build.0 = Debug|x64
		{CDCB0178-4C0C-36AE-9D44-1A1E43E725BA}.Release|x64.ActiveCfg = Release|x64
		{CDCB0178-4C0C-36AE-9D44-1A1E43E725BA}.Release|x64.Build.0 = Release|x64
		{CDCB0178-4C0C-36AE-9D44-1A1E43E725BA}.MinSizeRel|x64.ActiveCfg = MinSizeRel|x64
		{CDCB0178-4C0C-36AE-9D44-1A1E43E725BA}.MinSizeRel|x64.Build.0 = MinSizeRel|x64
		{CDCB0178-4C0C-36AE-9D44-1A1E43E725BA}.RelWithDebInfo|x64.ActiveCfg = RelWithDebInfo|x64
		{CDCB0178-4C0C-36AE-9D44-1A1E43E725BA}.RelWithDebInfo|x64.Build.0 = RelWithDebInfo|x64
		{AB9BD19E-0519-3943-A8B5-F20BB3542CAD}.Debug|x64.ActiveCfg = Debug|x64
		{AB9BD19E-0519-3943-A8B5-F20BB3542CAD}.Debug|x64.Build.0 = Debug|x64
		{AB9BD19E-0519-3943-A8B5-F20BB3542CAD}.Release|x64.ActiveCfg = Release|x64
		{AB9BD19E-0519-3943-A8B5-F20BB3542CAD}.Release|x64.Build.0 = Release|x64
		{AB9BD19E-0519-3943-A8B5-F20BB3542CAD}.MinSizeRel|x64.ActiveCfg = MinSizeRel|x64
		{AB9BD19E-0519-3943-A8B5-F20BB3542CAD}.MinSizeRel|x64.Build.0 = MinSizeRel|x64
		{AB9BD19E-0519-3943-A8B5-F20BB3542CAD}.RelWithDebInfo|x64.ActiveCfg = RelWithDebInfo|x64
		{AB9BD19E-0519-3943-A8B5-F20BB3542CAD}.RelWithDebInfo|x64.Build.0 = RelWithDebInfo|x64
		{FE4A1724-789F-3C72-A2B8-741140DA2EF4}.Debug|x64.ActiveCfg = Debug|x64
		{FE4A1724-789F-3C72-A2B8-741140DA2EF4}.Debug|x64.Build.0 = Debug|x64
		{FE4A1724-789F-3C72-A2B8-741140DA2EF4}.Release|x64.ActiveCfg = Release|x64
		{FE4A1724-789F-3C72-A2B8-741140DA2EF4}.Release|x64.Build.0 = Release|x64
		{FE4A1724-789F-3C72-A2B8-741140DA2EF4}.MinSizeRel|x64.ActiveCfg = MinSizeRel|x64
		{FE4A1724-789F-3C72-A2B8-741140DA2EF4}.MinSizeRel|x64.Build.0 = MinSizeRel|x64
		{FE4A1724-789F-3C72-A2B8-741140DA2EF4}.RelWithDebInfo|x64.ActiveCfg = RelWithDebInfo|x64
		{FE4A1724-789F-3C72-A2B8-741140DA2EF4}.RelWithDebInfo|x64.Build.0 = RelWithDebInfo|x64
		{A6A7299B-5940-345E-9587-3005AAC01092}.Debug|x64.ActiveCfg = Debug|x64
		{A6A7299B-5940-345E-9587-3005AAC01092}.Debug|x64.Build.0 = Debug|x64
		{A6A7299B-5940-345E-9587-3005AAC01092}.Release|x64.ActiveCfg = Release|x64
		{A6A7299B-5940-345E-9587-3005AAC01092}.Release|x64.Build.0 = Release|x64
		{A6A7299B-5940-345E-9587-3005AAC01092}.MinSizeRel|x64.ActiveCfg = MinSizeRel|x64
		{A6A7299B-5940-345E-9587-3005AAC01092}.MinSizeRel|x64.Build.0 = MinSizeRel|x64
		{A6A7299B-5940-345E-9587-3005AAC01092}.RelWithDebInfo|x64.ActiveCfg = RelWithDebInfo|x64
		{A6A7299B-5940-345E-9587-3005AAC01092}.RelWithDebInfo|x64.Build.0 = RelWithDebInfo|x64
		{CA55921A-05D4-3415-8620-C06B63ADB796}.Debug|x64.ActiveCfg = Debug|x64
		{CA55921A-05D4-3415-8620-C06B63ADB796}.Debug|x64.Build.0 = Debug|x64
		{CA55921A-05D4-3415-8620-C06B63ADB796}.Release|x64.ActiveCfg = Release|x64
		{CA55921A-05D4-3415-8620-C06B63ADB796}.Release|x64.Build.0 = Release|x64
		{CA55921A-05D4-3415-8620-C06B63ADB796}.MinSizeRel|x64.ActiveCfg = MinSizeRel|x64
		{CA55921A-05D4-3415-8620-C06B63ADB796}.MinSizeRel|x64.Build.0 = MinSizeRel|x64
		{CA55921A-05D4-3415-8620-C06B63ADB796}.RelWithDebInfo|x64.ActiveCfg = RelWithDebInfo|x64
		{CA55921A-05D4-3415-8620-C06B63ADB796}.RelWithDebInfo|x64.Build.0 = RelWithDebInfo|x64
		{1634CEBA-B48E-3AE2-A1FE-B27C4D7F0F86}.Debug|x64.ActiveCfg = Debug|x64
		{1634CEBA-B48E-3AE2-A1FE-B27C4D7F0F86}.Debug|x64.Build.0 = Debug|x64
		{1634CEBA-B48E-3AE2-A1FE-B27C4D7F0F86}.Release|x64.ActiveCfg = Release|x64
		{1634CEBA-B48E-3AE2-A1FE-B27C4D7F0F86}.Release|x64.Build.0 = Release|x64
		{1634CEBA-B48E-3AE2-A1FE-B27C4D7F0F86}.MinSizeRel|x64.ActiveCfg = MinSizeRel|x64
		{1634CEBA-B48E-3AE2-A1FE-B27C4D7F0F86}.MinSizeRel|x64.Build.0 = MinSizeRel|x64
		{1634CEBA-B48E-3AE2-A1FE-B27C4D7F0F86}.RelWithDebInfo|x64.ActiveCfg = RelWithDebInfo|x64
		{1634CEBA-B48E-3AE2-A1FE-B27C4D7F0F86}.RelWithDebInfo|x64.Build.0 = RelWithDebInfo|x64
		{27F5CBB6-5A2E-3C5A-9DBD-5524FF6D4380}.Debug|x64.ActiveCfg = Debug|x64
		{27F5CBB6-5A2E-3C5A-9DBD-5524FF6D4380}.Debug|x64.Build.0 = Debug|x64
		{27F5CBB6-5A2E-3C5A-9DBD-5524FF6D4380}.Release|x64.ActiveCfg = Release|x64
		{27F5CBB6-5A2E-3C5A-9DBD-5524FF6D4380}.Release|x64.Build.0 = Release|x64
		{27F5CBB6-5A2E-3C5A-9DBD-5524FF6D4380}.MinSizeRel|x64.ActiveCfg = MinSizeRel|x64
		{27F5CBB6-5A2E-3C5A-9DBD-5524FF6D4380}.MinSizeRel|x64.Build.0 = MinSizeRel|x64
		{27F5CBB6-5A2E-3C5A-9DBD-5524FF6D4380}.RelWithDebInfo|x64.ActiveCfg = RelWithDebInfo|x64
		{27F5CBB6-5A2E-3C5A-9DBD-5524FF6D4380}.RelWithDebInfo|x64.Build.0 = RelWithDebInfo|x64
		{E6F2AA1D-2864-3496-9A5B-8AB92DBA0A61}.Debug|x64.ActiveCfg = Debug|x64
		{E6F2AA1D-2864-3496-9A5B-8AB92DBA0A61}.Debug|x64.Build.0 = Debug|x64
		{E6F2AA1D-2864-3496-9A5B-8AB92DBA0A61}.Release|x64.ActiveCfg = Release|x64
		{E6F2AA1D-2864-3496-9A5B-8AB92DBA0A61}.Release|x64.Build.0 = Release|x64
		{E6F2AA1D-2864-3496-9A5B-8AB92DBA0A61}.MinSizeRel|x64.ActiveCfg = MinSizeRel|x64
		{E6F2AA1D-2864-3496-9A5B-8AB92DBA0A61}.MinSizeRel|x64.Build.0 = MinSizeRel|x64
		{E6F2AA1D-2864-3496-9A5B-8AB92DBA0A61}.RelWithDebInfo|x64.ActiveCfg = RelWithDebInfo|x64
		{E6F2AA1D-2864-3496-9A5B-8AB92DBA0A61}.RelWithDebInfo|x64.Build.0 = RelWithDebInfo|x64
		{33314749-C4D4-37F6-9915-DDB27A5F1C08}.Debug|x64.ActiveCfg = Debug|x64
		{33314749-C4D4-37F6-9915-DDB27A5F1C08}.Debug|x64.Build.0 = Debug|x64
		{33314749-C4D4-37F6-9915-DDB27A5F1C08}.Release|x64.ActiveCfg = Release|x64
		{33314749-C4D4-37F6-9915-DDB27A5F1C08}.Release|x64.Build.0 = Release|x64
		{33314749-C4D4-37F6-9915-DDB27A5F1C08}.MinSizeRel|x64.ActiveCfg = MinSizeRel|x64
		{33314749-C4D4-37F6-9915-DDB27A5F1C08}.MinSizeRel|x64.Build.0 = MinSizeRel|x64
		{33314749-C4D4-37F6-9915-DDB27A5F1C08}.RelWithDebInfo|x64.ActiveCfg = RelWithDebInfo|x64
		{33314749-C4D4-37F6-9915-DDB27A5F1C08}.RelWithDebInfo|x64.Build.0 = RelWithDebInfo|x64
		{42E4245C-7980-3924-8EC8-B83E24E9CBE1}.Debug|x64.ActiveCfg = Debug|x64
		{42E4245C-7980-3924-8EC8-B83E24E9CBE1}.Debug|x64.Build.0 = Debug|x64
		{42E4245C-7980-3924-8EC8-B83E24E9CBE1}.Release|x64.ActiveCfg = Release|x64
		{42E4245C-7980-3924-8EC8-B83E24E9CBE1}.Release|x64.Build.0 = Release|x64
		{42E4245C-7980-3924-8EC8-B83E24E9CBE1}.MinSizeRel|x64.ActiveCfg = MinSizeRel|x64
		{42E4245C-7980-3924-8EC8-B83E24E9CBE1}.MinSizeRel|x64.Build.0 = MinSizeRel|x64
		{42E4245C-7980-3924-8EC8-B83E24E9CBE1}.RelWithDebInfo|x64.ActiveCfg = RelWithDebInfo|x64
		{42E4245C-7980-3924-8EC8-B83E24E9CBE1}.RelWithDebInfo|x64.Build.0 = RelWithDebInfo|x64
	EndGlobalSection
	GlobalSection(ExtensibilityGlobals) = postSolution
		SolutionGuid = {24092D5C-BF1C-3502-9F88-2A814CF4CDD3}
	EndGlobalSection
	GlobalSection(ExtensibilityAddIns) = postSolution
	EndGlobalSection
EndGlobal
