<?xml version="1.0" encoding="utf-8"?>
<Project ToolsVersion="16.0" xmlns="http://schemas.microsoft.com/developer/msbuild/2003">
  <ItemGroup>
    <ClCompile Include="C:\cpp\SVisual\mswin\VS19\SVTriggerDialog\SVTriggerDialog_autogen\mocs_compilation_Debug.cpp">
      <Filter>Source Files</Filter>
    </ClCompile>
    <ClCompile Include="C:\cpp\SVisual\src\SVTriggerDialog\src\trigger_dialog.cpp">
      <Filter>Source Files</Filter>
    </ClCompile>
    <ClCompile Include="C:\cpp\SVisual\src\SVTriggerDialog\src\trigger_dialog_impl.cpp">
      <Filter>Source Files</Filter>
    </ClCompile>
    <ClCompile Include="C:\cpp\SVisual\mswin\VS19\SVTriggerDialog\SVTriggerDialog_autogen\mocs_compilation_Release.cpp">
      <Filter>Source Files</Filter>
    </ClCompile>
    <ClCompile Include="C:\cpp\SVisual\mswin\VS19\SVTriggerDialog\SVTriggerDialog_autogen\mocs_compilation_MinSizeRel.cpp">
      <Filter>Source Files</Filter>
    </ClCompile>
    <ClCompile Include="C:\cpp\SVisual\mswin\VS19\SVTriggerDialog\SVTriggerDialog_autogen\mocs_compilation_RelWithDebInfo.cpp">
      <Filter>Source Files</Filter>
    </ClCompile>
  </ItemGroup>
  <ItemGroup>
    <ClInclude Include="C:\cpp\SVisual\src\SVTriggerDialog\forms\trigger_dialog_impl.h">
      <Filter>Header Files</Filter>
    </ClInclude>
    <ClInclude Include="C:\cpp\SVisual\src\SVTriggerDialog\trigger_dialog.h">
      <Filter>Header Files</Filter>
    </ClInclude>
    <ClInclude Include="C:\cpp\SVisual\mswin\VS19\SVTriggerDialog\SVTriggerDialog_autogen\include_Debug\forms\ui_trigger_dialog.h">
      <Filter>Header Files</Filter>
    </ClInclude>
    <ClInclude Include="C:\cpp\SVisual\mswin\VS19\SVTriggerDialog\SVTriggerDialog_autogen\include_Release\forms\ui_trigger_dialog.h">
      <Filter>Header Files</Filter>
    </ClInclude>
    <ClInclude Include="C:\cpp\SVisual\mswin\VS19\SVTriggerDialog\SVTriggerDialog_autogen\include_MinSizeRel\forms\ui_trigger_dialog.h">
      <Filter>Header Files</Filter>
    </ClInclude>
    <ClInclude Include="C:\cpp\SVisual\mswin\VS19\SVTriggerDialog\SVTriggerDialog_autogen\include_RelWithDebInfo\forms\ui_trigger_dialog.h">
      <Filter>Header Files</Filter>
    </ClInclude>
  </ItemGroup>
  <ItemGroup>
    <CustomBuild Include="C:\cpp\SVisual\mswin\VS19\CMakeFiles\4eea59c63cc2b6d248df69e55b193ccc\autouic_(CONFIG).stamp.rule">
      <Filter>CMake Rules</Filter>
    </CustomBuild>
    <CustomBuild Include="C:\cpp\SVisual\src\SVTriggerDialog\CMakeLists.txt" />
  </ItemGroup>
  <ItemGroup>
    <None Include="C:\cpp\SVisual\src\SVTriggerDialog\forms\trigger_dialog.ui" />
    <None Include="C:\cpp\SVisual\mswin\VS19\SVTriggerDialog\SVTriggerDialog_autogen\autouic_Debug.stamp" />
    <None Include="C:\cpp\SVisual\mswin\VS19\SVTriggerDialog\SVTriggerDialog_autogen\autouic_Release.stamp" />
    <None Include="C:\cpp\SVisual\mswin\VS19\SVTriggerDialog\SVTriggerDialog_autogen\autouic_MinSizeRel.stamp" />
    <None Include="C:\cpp\SVisual\mswin\VS19\SVTriggerDialog\SVTriggerDialog_autogen\autouic_RelWithDebInfo.stamp" />
  </ItemGroup>
  <ItemGroup>
    <Filter Include="CMake Rules">
      <UniqueIdentifier>{354B905C-9921-3E0F-9DD8-1015719FB680}</UniqueIdentifier>
    </Filter>
    <Filter Include="Header Files">
      <UniqueIdentifier>{2A6AFA54-21B0-3349-9C97-AF529A64B5D4}</UniqueIdentifier>
    </Filter>
    <Filter Include="Source Files">
      <UniqueIdentifier>{6DACD3CD-924D-3350-BC6F-0BC07E6DD228}</UniqueIdentifier>
    </Filter>
  </ItemGroup>
</Project>
