
Microsoft Visual Studio Solution File, Format Version 12.00
# Visual Studio 2013
VisualStudioVersion = 12.0.31101.0
MinimumVisualStudioVersion = 10.0.40219.1
Project("{8BC9CEB8-8B4A-11D0-8D11-00A0C91BC942}") = "SVAuxFunc", "svAuxFunc\svAuxFunc.vcxproj", "{ABAC7B39-E15F-4708-9E1D-74AB3B8BEEED}"
EndProject
Project("{8BC9CEB8-8B4A-11D0-8D11-00A0C91BC942}") = "SVClient", "SVClient\SVClient.vcxproj", "{211059CE-6E08-4D41-BAA5-96933D5A498F}"
	ProjectSection(ProjectDependencies) = postProject
		{ABAC7B39-E15F-4708-9E1D-74AB3B8BEEED} = {ABAC7B39-E15F-4708-9E1D-74AB3B8BEEED}
		{2A3E28AD-7F43-4ED9-919C-F62B9B668F8A} = {2A3E28AD-7F43-4ED9-919C-F62B9B668F8A}
	EndProjectSection
EndProject
Project("{8BC9CEB8-8B4A-11D0-8D11-00A0C91BC942}") = "SVConfig", "SVConfig\SVConfig.vcxproj", "{2A3E28AD-7F43-4ED9-919C-F62B9B668F8A}"
EndProject
Project("{8BC9CEB8-8B4A-11D0-8D11-00A0C91BC942}") = "SVExportPanel", "SVExportPanel\SVExportPanel.vcxproj", "{B12702AD-ABFB-343A-A199-8E24837244A3}"
	ProjectSection(ProjectDependencies) = postProject
		{ABAC7B39-E15F-4708-9E1D-74AB3B8BEEED} = {ABAC7B39-E15F-4708-9E1D-74AB3B8BEEED}
		{2A3E28AD-7F43-4ED9-919C-F62B9B668F8A} = {2A3E28AD-7F43-4ED9-919C-F62B9B668F8A}
	EndProjectSection
EndProject
Project("{8BC9CEB8-8B4A-11D0-8D11-00A0C91BC942}") = "SVGraphPanel", "SVGraphPanel\SVGraphPanel.vcxproj", "{1A7AE29C-2229-461B-B187-A4E9A81D5ED1}"
	ProjectSection(ProjectDependencies) = postProject
		{ABAC7B39-E15F-4708-9E1D-74AB3B8BEEED} = {ABAC7B39-E15F-4708-9E1D-74AB3B8BEEED}
		{2A3E28AD-7F43-4ED9-919C-F62B9B668F8A} = {2A3E28AD-7F43-4ED9-919C-F62B9B668F8A}
	EndProjectSection
EndProject
Project("{8BC9CEB8-8B4A-11D0-8D11-00A0C91BC942}") = "SVStatPanel", "SVStatPanel\SVStatPanel.vcxproj", "{77B98E32-CAED-42B1-AD48-08335A1685C8}"
	ProjectSection(ProjectDependencies) = postProject
		{ABAC7B39-E15F-4708-9E1D-74AB3B8BEEED} = {ABAC7B39-E15F-4708-9E1D-74AB3B8BEEED}
		{2A3E28AD-7F43-4ED9-919C-F62B9B668F8A} = {2A3E28AD-7F43-4ED9-919C-F62B9B668F8A}
	EndProjectSection
EndProject
Project("{8BC9CEB8-8B4A-11D0-8D11-00A0C91BC942}") = "SVMonitor", "SVMonitor\SVMonitor.vcxproj", "{3FED2569-0287-4077-A20F-87628D80B648}"
	ProjectSection(ProjectDependencies) = postProject
		{79F3010A-257C-4C17-8256-4713EAFCEF5E} = {79F3010A-257C-4C17-8256-4713EAFCEF5E}
		{ABAC7B39-E15F-4708-9E1D-74AB3B8BEEED} = {ABAC7B39-E15F-4708-9E1D-74AB3B8BEEED}
		{1A7AE29C-2229-461B-B187-A4E9A81D5ED1} = {1A7AE29C-2229-461B-B187-A4E9A81D5ED1}
		{B12702AD-ABFB-343A-A199-8E24837244A3} = {B12702AD-ABFB-343A-A199-8E24837244A3}
		{2A3E28AD-7F43-4ED9-919C-F62B9B668F8A} = {2A3E28AD-7F43-4ED9-919C-F62B9B668F8A}
		{ABD50AE4-7C7E-478F-8778-BF2C19C24989} = {ABD50AE4-7C7E-478F-8778-BF2C19C24989}
	EndProjectSection
EndProject
Project("{8BC9CEB8-8B4A-11D0-8D11-00A0C91BC942}") = "SVServer", "SVServer\SVServer.vcxproj", "{ABD50AE4-7C7E-478F-8778-BF2C19C24989}"
	ProjectSection(ProjectDependencies) = postProject
		{ABAC7B39-E15F-4708-9E1D-74AB3B8BEEED} = {ABAC7B39-E15F-4708-9E1D-74AB3B8BEEED}
		{2A3E28AD-7F43-4ED9-919C-F62B9B668F8A} = {2A3E28AD-7F43-4ED9-919C-F62B9B668F8A}
	EndProjectSection
EndProject
Project("{8BC9CEB8-8B4A-11D0-8D11-00A0C91BC942}") = "SVViewer", "SVViewer\SVViewer.vcxproj", "{6275DED1-7C9C-4E05-A148-B27CA79D4489}"
	ProjectSection(ProjectDependencies) = postProject
		{79F3010A-257C-4C17-8256-4713EAFCEF5E} = {79F3010A-257C-4C17-8256-4713EAFCEF5E}
		{77B98E32-CAED-42B1-AD48-08335A1685C8} = {77B98E32-CAED-42B1-AD48-08335A1685C8}
		{ABAC7B39-E15F-4708-9E1D-74AB3B8BEEED} = {ABAC7B39-E15F-4708-9E1D-74AB3B8BEEED}
		{1A7AE29C-2229-461B-B187-A4E9A81D5ED1} = {1A7AE29C-2229-461B-B187-A4E9A81D5ED1}
		{B12702AD-ABFB-343A-A199-8E24837244A3} = {B12702AD-ABFB-343A-A199-8E24837244A3}
		{2A3E28AD-7F43-4ED9-919C-F62B9B668F8A} = {2A3E28AD-7F43-4ED9-919C-F62B9B668F8A}
	EndProjectSection
EndProject
Project("{8BC9CEB8-8B4A-11D0-8D11-00A0C91BC942}") = "SVWriterExample", "SVWriterExample\SVWriterExample.vcxproj", "{D709A342-2110-4F79-A0AC-61A3CF723D03}"
	ProjectSection(ProjectDependencies) = postProject
		{ABAC7B39-E15F-4708-9E1D-74AB3B8BEEED} = {ABAC7B39-E15F-4708-9E1D-74AB3B8BEEED}
		{ABD50AE4-7C7E-478F-8778-BF2C19C24989} = {ABD50AE4-7C7E-478F-8778-BF2C19C24989}
	EndProjectSection
EndProject
Project("{8BC9CEB8-8B4A-11D0-8D11-00A0C91BC942}") = "SVClientExample", "SVClientExample\SVClientExample.vcxproj", "{A09E36E6-F8A5-494F-819D-E39EC4EB85B6}"
	ProjectSection(ProjectDependencies) = postProject
		{ABAC7B39-E15F-4708-9E1D-74AB3B8BEEED} = {ABAC7B39-E15F-4708-9E1D-74AB3B8BEEED}
		{211059CE-6E08-4D41-BAA5-96933D5A498F} = {211059CE-6E08-4D41-BAA5-96933D5A498F}
	EndProjectSection
EndProject
Project("{8BC9CEB8-8B4A-11D0-8D11-00A0C91BC942}") = "SVScriptPanel", "SVScriptPanel\SVScriptPanel.vcxproj", "{79F3010A-257C-4C17-8256-4713EAFCEF5E}"
	ProjectSection(ProjectDependencies) = postProject
		{ABAC7B39-E15F-4708-9E1D-74AB3B8BEEED} = {ABAC7B39-E15F-4708-9E1D-74AB3B8BEEED}
		{2A3E28AD-7F43-4ED9-919C-F62B9B668F8A} = {2A3E28AD-7F43-4ED9-919C-F62B9B668F8A}
	EndProjectSection
EndProject
Project("{8BC9CEB8-8B4A-11D0-8D11-00A0C91BC942}") = "SVTriggerPanel", "SVTriggerPanel\SVTriggerPanel.vcxproj", "{6C74E658-838E-41DE-B6EA-9CBA38CE3D9A}"
EndProject
Project("{8BC9CEB8-8B4A-11D0-8D11-00A0C91BC942}") = "SVWebServer", "SVWebServer\SVWebServer.vcxproj", "{DD3F3B49-55E3-49BF-9D1A-553FA56581EB}"
EndProject
Project("{8BC9CEB8-8B4A-11D0-8D11-00A0C91BC942}") = "SVWebExample", "SVWebExample\SVWebExample.vcxproj", "{7DD819B1-EE86-4E2C-8389-C8F19FCA0168}"
	ProjectSection(ProjectDependencies) = postProject
		{DD3F3B49-55E3-49BF-9D1A-553FA56581EB} = {DD3F3B49-55E3-49BF-9D1A-553FA56581EB}
	EndProjectSection
EndProject
Global
	GlobalSection(SolutionConfigurationPlatforms) = preSolution
		Debug|Win32 = Debug|Win32
		Debug|x64 = Debug|x64
		Release|Win32 = Release|Win32
		Release|x64 = Release|x64
	EndGlobalSection
	GlobalSection(ProjectConfigurationPlatforms) = postSolution
		{ABAC7B39-E15F-4708-9E1D-74AB3B8BEEED}.Debug|Win32.ActiveCfg = Debug|Win32
		{ABAC7B39-E15F-4708-9E1D-74AB3B8BEEED}.Debug|Win32.Build.0 = Debug|Win32
		{ABAC7B39-E15F-4708-9E1D-74AB3B8BEEED}.Debug|x64.ActiveCfg = Debug|x64
		{ABAC7B39-E15F-4708-9E1D-74AB3B8BEEED}.Debug|x64.Build.0 = Debug|x64
		{ABAC7B39-E15F-4708-9E1D-74AB3B8BEEED}.Release|Win32.ActiveCfg = Release|Win32
		{ABAC7B39-E15F-4708-9E1D-74AB3B8BEEED}.Release|Win32.Build.0 = Release|Win32
		{ABAC7B39-E15F-4708-9E1D-74AB3B8BEEED}.Release|x64.ActiveCfg = Release|x64
		{ABAC7B39-E15F-4708-9E1D-74AB3B8BEEED}.Release|x64.Build.0 = Release|x64
		{211059CE-6E08-4D41-BAA5-96933D5A498F}.Debug|Win32.ActiveCfg = Debug|Win32
		{211059CE-6E08-4D41-BAA5-96933D5A498F}.Debug|Win32.Build.0 = Debug|Win32
		{211059CE-6E08-4D41-BAA5-96933D5A498F}.Debug|x64.ActiveCfg = Debug|x64
		{211059CE-6E08-4D41-BAA5-96933D5A498F}.Release|Win32.ActiveCfg = Release|Win32
		{211059CE-6E08-4D41-BAA5-96933D5A498F}.Release|Win32.Build.0 = Release|Win32
		{211059CE-6E08-4D41-BAA5-96933D5A498F}.Release|x64.ActiveCfg = Release|x64
		{2A3E28AD-7F43-4ED9-919C-F62B9B668F8A}.Debug|Win32.ActiveCfg = Debug|Win32
		{2A3E28AD-7F43-4ED9-919C-F62B9B668F8A}.Debug|Win32.Build.0 = Debug|Win32
		{2A3E28AD-7F43-4ED9-919C-F62B9B668F8A}.Debug|x64.ActiveCfg = Debug|x64
		{2A3E28AD-7F43-4ED9-919C-F62B9B668F8A}.Release|Win32.ActiveCfg = Release|Win32
		{2A3E28AD-7F43-4ED9-919C-F62B9B668F8A}.Release|Win32.Build.0 = Release|Win32
		{2A3E28AD-7F43-4ED9-919C-F62B9B668F8A}.Release|x64.ActiveCfg = Release|x64
		{B12702AD-ABFB-343A-A199-8E24837244A3}.Debug|Win32.ActiveCfg = Debug|Win32
		{B12702AD-ABFB-343A-A199-8E24837244A3}.Debug|Win32.Build.0 = Debug|Win32
		{B12702AD-ABFB-343A-A199-8E24837244A3}.Debug|x64.ActiveCfg = Debug|x64
		{B12702AD-ABFB-343A-A199-8E24837244A3}.Debug|x64.Build.0 = Debug|x64
		{B12702AD-ABFB-343A-A199-8E24837244A3}.Release|Win32.ActiveCfg = Release|Win32
		{B12702AD-ABFB-343A-A199-8E24837244A3}.Release|Win32.Build.0 = Release|Win32
		{B12702AD-ABFB-343A-A199-8E24837244A3}.Release|x64.ActiveCfg = Release|x64
		{B12702AD-ABFB-343A-A199-8E24837244A3}.Release|x64.Build.0 = Release|x64
		{1A7AE29C-2229-461B-B187-A4E9A81D5ED1}.Debug|Win32.ActiveCfg = Debug|Win32
		{1A7AE29C-2229-461B-B187-A4E9A81D5ED1}.Debug|Win32.Build.0 = Debug|Win32
		{1A7AE29C-2229-461B-B187-A4E9A81D5ED1}.Debug|x64.ActiveCfg = Debug|x64
		{1A7AE29C-2229-461B-B187-A4E9A81D5ED1}.Debug|x64.Build.0 = Debug|x64
		{1A7AE29C-2229-461B-B187-A4E9A81D5ED1}.Release|Win32.ActiveCfg = Release|Win32
		{1A7AE29C-2229-461B-B187-A4E9A81D5ED1}.Release|Win32.Build.0 = Release|Win32
		{1A7AE29C-2229-461B-B187-A4E9A81D5ED1}.Release|x64.ActiveCfg = Release|x64
		{1A7AE29C-2229-461B-B187-A4E9A81D5ED1}.Release|x64.Build.0 = Release|x64
		{77B98E32-CAED-42B1-AD48-08335A1685C8}.Debug|Win32.ActiveCfg = Debug|Win32
		{77B98E32-CAED-42B1-AD48-08335A1685C8}.Debug|Win32.Build.0 = Debug|Win32
		{77B98E32-CAED-42B1-AD48-08335A1685C8}.Debug|x64.ActiveCfg = Debug|x64
		{77B98E32-CAED-42B1-AD48-08335A1685C8}.Debug|x64.Build.0 = Debug|x64
		{77B98E32-CAED-42B1-AD48-08335A1685C8}.Release|Win32.ActiveCfg = Release|Win32
		{77B98E32-CAED-42B1-AD48-08335A1685C8}.Release|Win32.Build.0 = Release|Win32
		{77B98E32-CAED-42B1-AD48-08335A1685C8}.Release|x64.ActiveCfg = Release|x64
		{77B98E32-CAED-42B1-AD48-08335A1685C8}.Release|x64.Build.0 = Release|x64
		{3FED2569-0287-4077-A20F-87628D80B648}.Debug|Win32.ActiveCfg = Debug|Win32
		{3FED2569-0287-4077-A20F-87628D80B648}.Debug|Win32.Build.0 = Debug|Win32
		{3FED2569-0287-4077-A20F-87628D80B648}.Debug|x64.ActiveCfg = Debug|x64
		{3FED2569-0287-4077-A20F-87628D80B648}.Debug|x64.Build.0 = Debug|x64
		{3FED2569-0287-4077-A20F-87628D80B648}.Release|Win32.ActiveCfg = Release|Win32
		{3FED2569-0287-4077-A20F-87628D80B648}.Release|Win32.Build.0 = Release|Win32
		{3FED2569-0287-4077-A20F-87628D80B648}.Release|x64.ActiveCfg = Release|x64
		{3FED2569-0287-4077-A20F-87628D80B648}.Release|x64.Build.0 = Release|x64
		{ABD50AE4-7C7E-478F-8778-BF2C19C24989}.Debug|Win32.ActiveCfg = Debug|Win32
		{ABD50AE4-7C7E-478F-8778-BF2C19C24989}.Debug|Win32.Build.0 = Debug|Win32
		{ABD50AE4-7C7E-478F-8778-BF2C19C24989}.Debug|x64.ActiveCfg = Debug|x64
		{ABD50AE4-7C7E-478F-8778-BF2C19C24989}.Release|Win32.ActiveCfg = Release|Win32
		{ABD50AE4-7C7E-478F-8778-BF2C19C24989}.Release|Win32.Build.0 = Release|Win32
		{ABD50AE4-7C7E-478F-8778-BF2C19C24989}.Release|x64.ActiveCfg = Release|x64
		{6275DED1-7C9C-4E05-A148-B27CA79D4489}.Debug|Win32.ActiveCfg = Debug|Win32
		{6275DED1-7C9C-4E05-A148-B27CA79D4489}.Debug|Win32.Build.0 = Debug|Win32
		{6275DED1-7C9C-4E05-A148-B27CA79D4489}.Debug|x64.ActiveCfg = Debug|x64
		{6275DED1-7C9C-4E05-A148-B27CA79D4489}.Debug|x64.Build.0 = Debug|x64
		{6275DED1-7C9C-4E05-A148-B27CA79D4489}.Release|Win32.ActiveCfg = Release|Win32
		{6275DED1-7C9C-4E05-A148-B27CA79D4489}.Release|Win32.Build.0 = Release|Win32
		{6275DED1-7C9C-4E05-A148-B27CA79D4489}.Release|x64.ActiveCfg = Release|x64
		{6275DED1-7C9C-4E05-A148-B27CA79D4489}.Release|x64.Build.0 = Release|x64
		{D709A342-2110-4F79-A0AC-61A3CF723D03}.Debug|Win32.ActiveCfg = Debug|Win32
		{D709A342-2110-4F79-A0AC-61A3CF723D03}.Debug|Win32.Build.0 = Debug|Win32
		{D709A342-2110-4F79-A0AC-61A3CF723D03}.Debug|x64.ActiveCfg = Debug|x64
		{D709A342-2110-4F79-A0AC-61A3CF723D03}.Release|Win32.ActiveCfg = Release|Win32
		{D709A342-2110-4F79-A0AC-61A3CF723D03}.Release|Win32.Build.0 = Release|Win32
		{D709A342-2110-4F79-A0AC-61A3CF723D03}.Release|x64.ActiveCfg = Release|x64
		{A09E36E6-F8A5-494F-819D-E39EC4EB85B6}.Debug|Win32.ActiveCfg = Debug|Win32
		{A09E36E6-F8A5-494F-819D-E39EC4EB85B6}.Debug|Win32.Build.0 = Debug|Win32
		{A09E36E6-F8A5-494F-819D-E39EC4EB85B6}.Debug|x64.ActiveCfg = Debug|x64
		{A09E36E6-F8A5-494F-819D-E39EC4EB85B6}.Release|Win32.ActiveCfg = Release|Win32
		{A09E36E6-F8A5-494F-819D-E39EC4EB85B6}.Release|Win32.Build.0 = Release|Win32
		{A09E36E6-F8A5-494F-819D-E39EC4EB85B6}.Release|x64.ActiveCfg = Release|x64
		{79F3010A-257C-4C17-8256-4713EAFCEF5E}.Debug|Win32.ActiveCfg = Debug|Win32
		{79F3010A-257C-4C17-8256-4713EAFCEF5E}.Debug|Win32.Build.0 = Debug|Win32
		{79F3010A-257C-4C17-8256-4713EAFCEF5E}.Debug|x64.ActiveCfg = Debug|x64
		{79F3010A-257C-4C17-8256-4713EAFCEF5E}.Debug|x64.Build.0 = Debug|x64
		{79F3010A-257C-4C17-8256-4713EAFCEF5E}.Release|Win32.ActiveCfg = Release|Win32
		{79F3010A-257C-4C17-8256-4713EAFCEF5E}.Release|Win32.Build.0 = Release|Win32
		{79F3010A-257C-4C17-8256-4713EAFCEF5E}.Release|x64.ActiveCfg = Release|x64
		{79F3010A-257C-4C17-8256-4713EAFCEF5E}.Release|x64.Build.0 = Release|x64
		{6C74E658-838E-41DE-B6EA-9CBA38CE3D9A}.Debug|Win32.ActiveCfg = Debug|Win32
		{6C74E658-838E-41DE-B6EA-9CBA38CE3D9A}.Debug|Win32.Build.0 = Debug|Win32
		{6C74E658-838E-41DE-B6EA-9CBA38CE3D9A}.Debug|x64.ActiveCfg = Debug|x64
		{6C74E658-838E-41DE-B6EA-9CBA38CE3D9A}.Debug|x64.Build.0 = Debug|x64
		{6C74E658-838E-41DE-B6EA-9CBA38CE3D9A}.Release|Win32.ActiveCfg = Release|Win32
		{6C74E658-838E-41DE-B6EA-9CBA38CE3D9A}.Release|Win32.Build.0 = Release|Win32
		{6C74E658-838E-41DE-B6EA-9CBA38CE3D9A}.Release|x64.ActiveCfg = Release|x64
		{6C74E658-838E-41DE-B6EA-9CBA38CE3D9A}.Release|x64.Build.0 = Release|x64
		{DD3F3B49-55E3-49BF-9D1A-553FA56581EB}.Debug|Win32.ActiveCfg = Debug|Win32
		{DD3F3B49-55E3-49BF-9D1A-553FA56581EB}.Debug|Win32.Build.0 = Debug|Win32
		{DD3F3B49-55E3-49BF-9D1A-553FA56581EB}.Debug|x64.ActiveCfg = Debug|x64
		{DD3F3B49-55E3-49BF-9D1A-553FA56581EB}.Debug|x64.Build.0 = Debug|x64
		{DD3F3B49-55E3-49BF-9D1A-553FA56581EB}.Release|Win32.ActiveCfg = Release|Win32
		{DD3F3B49-55E3-49BF-9D1A-553FA56581EB}.Release|Win32.Build.0 = Release|Win32
		{DD3F3B49-55E3-49BF-9D1A-553FA56581EB}.Release|x64.ActiveCfg = Release|x64
		{DD3F3B49-55E3-49BF-9D1A-553FA56581EB}.Release|x64.Build.0 = Release|x64
		{7DD819B1-EE86-4E2C-8389-C8F19FCA0168}.Debug|Win32.ActiveCfg = Debug|Win32
		{7DD819B1-EE86-4E2C-8389-C8F19FCA0168}.Debug|Win32.Build.0 = Debug|Win32
		{7DD819B1-EE86-4E2C-8389-C8F19FCA0168}.Debug|x64.ActiveCfg = Debug|x64
		{7DD819B1-EE86-4E2C-8389-C8F19FCA0168}.Debug|x64.Build.0 = Debug|x64
		{7DD819B1-EE86-4E2C-8389-C8F19FCA0168}.Release|Win32.ActiveCfg = Release|Win32
		{7DD819B1-EE86-4E2C-8389-C8F19FCA0168}.Release|Win32.Build.0 = Release|Win32
		{7DD819B1-EE86-4E2C-8389-C8F19FCA0168}.Release|x64.ActiveCfg = Release|x64
		{7DD819B1-EE86-4E2C-8389-C8F19FCA0168}.Release|x64.Build.0 = Release|x64
	EndGlobalSection
	GlobalSection(SolutionProperties) = preSolution
		HideSolutionNode = FALSE
	EndGlobalSection
EndGlobal
